adg_any:
  name: urlblock
  description: Disables blocking of all requests sent from the pages matching the rule.
  docs: https://adguard.app/kb/general/ad-filtering/create-own-filters/#urlblock-modifier
  conflicts:
    - domain
    - specifichide
    - generichide
    - elemhide
    - extension
    - jsinject
    - content
    - badfilter
  inverse_conflicts: true
  negatable: false
  exception_only: true
