# THIS IS AN AUTOGENERATED FILE. DO NOT EDIT THIS FILE DIRECTLY.
# yarn lockfile v1


"@adguard/scriptlets@^1.4.26":
  version "1.4.26"
  resolved "https://registry.yarnpkg.com/@adguard/scriptlets/-/scriptlets-1.4.26.tgz#0976ce0b2b6059d68155684e44605667ed162fdb"
  integrity sha512-8+LHDlCKsdDZTibbHHaQP4l6llLs/WtTO9JnZgUgLFNF4TmunohYZ1NvP6+gUi4sdsB4v75IpdVlTBZn0vL2jQ==
  dependencies:
    "@babel/runtime" "^7.7.2"
    js-yaml "^3.13.1"

"@babel/runtime@^7.7.2":
  version "7.15.4"
  resolved "https://registry.yarnpkg.com/@babel/runtime/-/runtime-7.15.4.tgz#fd17d16bfdf878e6dd02d19753a39fa8a8d9c84a"
  integrity sha512-99catp6bHCaxr4sJ/DbTGgHS4+Rs2RVd2g7iOap6SLGPDknRK9ztKNsE/Fg6QhSeh1FGE5f6gHGQmvvn3I3xhw==
  dependencies:
    regenerator-runtime "^0.13.4"

"@types/ip6addr@^0.2.3":
  version "0.2.3"
  resolved "https://registry.yarnpkg.com/@types/ip6addr/-/ip6addr-0.2.3.tgz#9318f51591d76d20222ebe407a2323fccdcc6e7c"
  integrity sha512-oe7hzc+P9DU6+gql8+bLKuUf4WL4aakyCSXZMZq2cjhhGK75qYwH1zJ4s94XOlnb4cAhrGKwnbrmMBaqDK8+Ww==

"@types/netmask@^1.0.30":
  version "1.0.30"
  resolved "https://registry.yarnpkg.com/@types/netmask/-/netmask-1.0.30.tgz#b68005e3e3c19f517ced4610bb69dce2e0c5babb"
  integrity sha512-Kl1xAICLv1Y7/WsNXkPKldRMz3QmXUYMIzr3rMXnIBDy9c4/sYG7V6P6u7Ja3w+uNtNQrRudJduqVoYX/DxfZg==

"@types/punycode@^2.1.0":
  version "2.1.0"
  resolved "https://registry.yarnpkg.com/@types/punycode/-/punycode-2.1.0.tgz#89e4f3d09b3f92e87a80505af19be7e0c31d4e83"
  integrity sha512-PG5aLpW6PJOeV2fHRslP4IOMWn+G+Uq8CfnyJ+PDS8ndCbU+soO+fB3NKCKo0p/Jh2Y4aPaiQZsrOXFdzpcA6g==

argparse@^1.0.7:
  version "1.0.10"
  resolved "https://registry.yarnpkg.com/argparse/-/argparse-1.0.10.tgz#bcd6791ea5ae09725e17e5ad988134cd40b3d911"
  integrity sha512-o5Roy6tNG4SL/FOkCAN6RzjiakZS25RLYFrcMttJqbdd8BWrnA+fGz57iN5Pb06pvBGvl5gQ0B48dJlslXvoTg==
  dependencies:
    sprintf-js "~1.0.2"

assert-plus@1.0.0, assert-plus@^1.0.0:
  version "1.0.0"
  resolved "https://registry.yarnpkg.com/assert-plus/-/assert-plus-1.0.0.tgz#f12e0f3c5d77b0b1cdd9146942e4e96c1e4dd525"
  integrity sha1-8S4PPF13sLHN2RRpQuTpbB5N1SU=

cidr-regex@^3.1.1:
  version "3.1.1"
  resolved "https://registry.yarnpkg.com/cidr-regex/-/cidr-regex-3.1.1.tgz#ba1972c57c66f61875f18fd7dd487469770b571d"
  integrity sha512-RBqYd32aDwbCMFJRL6wHOlDNYJsPNTt8vC82ErHF5vKt8QQzxm1FrkW8s/R5pVrXMf17sba09Uoy91PKiddAsw==
  dependencies:
    ip-regex "^4.1.0"

consola@^2.12.2:
  version "2.15.3"
  resolved "https://registry.yarnpkg.com/consola/-/consola-2.15.3.tgz#2e11f98d6a4be71ff72e0bdf07bd23e12cb61550"
  integrity sha512-9vAdYbHj6x2fLKC4+oPH0kFzY/orMZyG2Aj+kNylHxKGJ/Ed4dpNyAQYwJOdqO4zdM7XpVHmyejQDcQHrnuXbw==

core-util-is@1.0.2:
  version "1.0.2"
  resolved "https://registry.yarnpkg.com/core-util-is/-/core-util-is-1.0.2.tgz#b5fd54220aa2bc5ab57aab7140c940754503c1a7"
  integrity sha1-tf1UIgqivFq1eqtxQMlAdUUDwac=

esprima@^4.0.0:
  version "4.0.1"
  resolved "https://registry.yarnpkg.com/esprima/-/esprima-4.0.1.tgz#13b04cdb3e6c5d19df91ab6987a8695619b0aa71"
  integrity sha512-eGuFFw7Upda+g4p+QHvnW0RyTX/SVeJBDM/gCtMARO0cLuT2HcEKnTPvhjV6aGeqrCB/sbNop0Kszm0jsaWU4A==

"extended-css@git+https://github.com/AdguardTeam/ExtendedCss.git#v1.3.13":
  version "1.3.13"
  resolved "git+https://github.com/AdguardTeam/ExtendedCss.git#66c6c9a390f53325876e54e3de486338b2535a2c"

extsprintf@1.3.0:
  version "1.3.0"
  resolved "https://registry.yarnpkg.com/extsprintf/-/extsprintf-1.3.0.tgz#96918440e3041a7a414f8c52e3c574eb3c3e1e05"
  integrity sha1-lpGEQOMEGnpBT4xS48V06zw+HgU=

extsprintf@^1.2.0:
  version "1.4.0"
  resolved "https://registry.yarnpkg.com/extsprintf/-/extsprintf-1.4.0.tgz#e2689f8f356fad62cca65a3a91c5df5f9551692f"
  integrity sha1-4mifjzVvrWLMplo6kcXfX5VRaS8=

ip-regex@^4.0.0, ip-regex@^4.1.0:
  version "4.3.0"
  resolved "https://registry.yarnpkg.com/ip-regex/-/ip-regex-4.3.0.tgz#687275ab0f57fa76978ff8f4dddc8a23d5990db5"
  integrity sha512-B9ZWJxHHOHUhUjCPrMpLD4xEq35bUTClHM1S6CBU5ixQnkZmwipwgc96vAd7AAGM9TGHvJR+Uss+/Ak6UphK+Q==

ip6addr@^0.2.3:
  version "0.2.3"
  resolved "https://registry.yarnpkg.com/ip6addr/-/ip6addr-0.2.3.tgz#660df0d27092434f0aadee025aba8337c6d7d4d4"
  integrity sha512-qA9DXRAUW+lT47/i/4+Q3GHPwZjGt/atby1FH/THN6GVATA6+Pjp2nztH7k6iKeil7hzYnBwfSsxjthlJ8lJKw==
  dependencies:
    assert-plus "^1.0.0"
    jsprim "^1.4.0"

is-cidr@^4.0.2:
  version "4.0.2"
  resolved "https://registry.yarnpkg.com/is-cidr/-/is-cidr-4.0.2.tgz#94c7585e4c6c77ceabf920f8cde51b8c0fda8814"
  integrity sha512-z4a1ENUajDbEl/Q6/pVBpTR1nBjjEE1X7qb7bmWYanNnPoKAvUCPFKeXV6Fe4mgTkWKBqiHIcwsI3SndiO5FeA==
  dependencies:
    cidr-regex "^3.1.1"

is-ip@^3.1.0:
  version "3.1.0"
  resolved "https://registry.yarnpkg.com/is-ip/-/is-ip-3.1.0.tgz#2ae5ddfafaf05cb8008a62093cf29734f657c5d8"
  integrity sha512-35vd5necO7IitFPjd/YBeqwWnyDWbuLH9ZXQdMfDA8TEo7pv5X8yfrvVO3xbJbLUlERCMvf6X0hTUamQxCYJ9Q==
  dependencies:
    ip-regex "^4.0.0"

js-yaml@^3.13.1:
  version "3.14.1"
  resolved "https://registry.yarnpkg.com/js-yaml/-/js-yaml-3.14.1.tgz#dae812fdb3825fa306609a8717383c50c36a0537"
  integrity sha512-okMH7OXXJ7YrN9Ok3/SXrnu4iX9yOk+25nqX4imS2npuvTYDmo/QEZoqwZkYaIDk3jVvBOTOIEgEhaLOynBS9g==
  dependencies:
    argparse "^1.0.7"
    esprima "^4.0.0"

json-schema@0.2.3:
  version "0.2.3"
  resolved "https://registry.yarnpkg.com/json-schema/-/json-schema-0.2.3.tgz#b480c892e59a2f05954ce727bd3f2a4e882f9e13"
  integrity sha1-tIDIkuWaLwWVTOcnvT8qTogvnhM=

jsprim@^1.4.0:
  version "1.4.1"
  resolved "https://registry.yarnpkg.com/jsprim/-/jsprim-1.4.1.tgz#313e66bc1e5cc06e438bc1b7499c2e5c56acb6a2"
  integrity sha1-MT5mvB5cwG5Di8G3SZwuXFastqI=
  dependencies:
    assert-plus "1.0.0"
    extsprintf "1.3.0"
    json-schema "0.2.3"
    verror "1.10.0"

lru_map@^0.4.1:
  version "0.4.1"
  resolved "https://registry.yarnpkg.com/lru_map/-/lru_map-0.4.1.tgz#f7b4046283c79fb7370c36f8fca6aee4324b0a98"
  integrity sha512-I+lBvqMMFfqaV8CJCISjI3wbjmwVu/VyOoU7+qtu9d7ioW5klMgsTTiUOUp+DJvfTTzKXoPbyC6YfgkNcyPSOg==

netmask@^2.0.2:
  version "2.0.2"
  resolved "https://registry.yarnpkg.com/netmask/-/netmask-2.0.2.tgz#8b01a07644065d536383835823bc52004ebac5e7"
  integrity sha512-dBpDMdxv9Irdq66304OLfEmQ9tbNRFnFTuZiLo+bD+r332bBmMJ8GBLXklIXXgxd3+v9+KUnZaUR5PJMa75Gsg==

punycode@^2.1.1:
  version "2.1.1"
  resolved "https://registry.yarnpkg.com/punycode/-/punycode-2.1.1.tgz#b58b010ac40c22c5657616c8d2c2c02c7bf479ec"
  integrity sha512-XRsRjdf+j5ml+y/6GKHPZbrF/8p2Yga0JPtdqTIY2Xe5ohJPD9saDJJLPvp9+NSBprVvevdXZybnj2cv8OEd0A==

regenerator-runtime@^0.13.4:
  version "0.13.9"
  resolved "https://registry.yarnpkg.com/regenerator-runtime/-/regenerator-runtime-0.13.9.tgz#8925742a98ffd90814988d7566ad30ca3b263b52"
  integrity sha512-p3VT+cOEgxFsRRA9X4lkI1E+k2/CtnKtU4gcxyaCUreilL/vqI6CdZ3wxVUx3UOUg+gnUOQQcRI7BmSI656MYA==

sprintf-js@~1.0.2:
  version "1.0.3"
  resolved "https://registry.yarnpkg.com/sprintf-js/-/sprintf-js-1.0.3.tgz#04e6926f662895354f3dd015203633b857297e2c"
  integrity sha1-BOaSb2YolTVPPdAVIDYzuFcpfiw=

tldts-core@^5.7.48:
  version "5.7.48"
  resolved "https://registry.yarnpkg.com/tldts-core/-/tldts-core-5.7.48.tgz#dbe28a06edd0da364dbdf9ea22777ceb3ca2ae78"
  integrity sha512-pp0vzHfR7fIpepwpMOA0u/nAUxg4MwUwkmJB6cy4ISGKvOVduiuX3RBlmO/55KBdXzR2CMgVMwn9sfSNCcqf7A==

tldts@^5.6.45:
  version "5.7.48"
  resolved "https://registry.yarnpkg.com/tldts/-/tldts-5.7.48.tgz#b702fff76149a0d771d6bb67d13341d01ae751fc"
  integrity sha512-AYMc2b0y+ufgZwURfOPZiBixdV/CjHUWfuA5F6+nd4jXvVK70XEYV3Q1iL7tnAVO4Ivptjwi0GrXaE4ylgUOoA==
  dependencies:
    tldts-core "^5.7.48"

verror@1.10.0:
  version "1.10.0"
  resolved "https://registry.yarnpkg.com/verror/-/verror-1.10.0.tgz#3a105ca17053af55d6e270c1f8288682e18da400"
  integrity sha1-OhBcoXBTr1XW4nDB+CiGguGNpAA=
  dependencies:
    assert-plus "^1.0.0"
    core-util-is "1.0.2"
    extsprintf "^1.2.0"

webextension-polyfill@^0.8.0:
  version "0.8.0"
  resolved "https://registry.yarnpkg.com/webextension-polyfill/-/webextension-polyfill-0.8.0.tgz#f80e9f4b7f81820c420abd6ffbebfa838c60e041"
  integrity sha512-a19+DzlT6Kp9/UI+mF9XQopeZ+n2ussjhxHJ4/pmIGge9ijCDz7Gn93mNnjpZAk95T4Tae8iHZ6sSf869txqiQ==
