# THIS IS AN AUTOGENERATED FILE. DO NOT EDIT THIS FILE DIRECTLY.
# yarn lockfile v1


"@adguard/scriptlets@^1.4.26":
  version "1.4.26"
  resolved "https://registry.yarnpkg.com/@adguard/scriptlets/-/scriptlets-1.4.26.tgz#0976ce0b2b6059d68155684e44605667ed162fdb"
  integrity sha512-8+LHDlCKsdDZTibbHHaQP4l6llLs/WtTO9JnZgUgLFNF4TmunohYZ1NvP6+gUi4sdsB4v75IpdVlTBZn0vL2jQ==
  dependencies:
    "@babel/runtime" "^7.7.2"
    js-yaml "^3.13.1"

"@adguard/tsurlfilter@^0.7.33":
  version "0.7.37"
  resolved "https://registry.yarnpkg.com/@adguard/tsurlfilter/-/tsurlfilter-0.7.37.tgz#a91d7d4af290af67beb1954e6398696dcbf4a3c5"
  integrity sha512-Sc/oY5zFfEmpJk2aj+pcgCVdI6gAoSd15xJp+rKr3Rdds5sQvWmgbuTk+qth6oYFOa2a61iCXnWPDPpUnfEv1A==
  dependencies:
    "@adguard/scriptlets" "^1.4.26"
    "@types/ip6addr" "^0.2.3"
    "@types/netmask" "^1.0.30"
    "@types/punycode" "^2.1.0"
    consola "^2.12.2"
    extended-css "git+https://github.com/AdguardTeam/ExtendedCss.git#v1.3.13"
    ip6addr "^0.2.3"
    is-cidr "^4.0.2"
    is-ip "^3.1.0"
    lru_map "^0.4.1"
    netmask "^2.0.2"
    punycode "^2.1.1"
    text-encoding "git+https://github.com/AdguardTeam/text-encoding.git#v0.7.1"
    tldts "^5.6.45"
    webextension-polyfill "^0.8.0"

"@adguard/tswebextension@file:../../tswebextension":
  version "0.0.1"
  dependencies:
    "@adguard/scriptlets" "^1.4.26"
    "@adguard/tsurlfilter" "^0.7.33"
    webextension-polyfill "^0.8.0"
    zod "^3.11.6"

"@babel/code-frame@^7.16.0":
  version "7.16.0"
  resolved "https://registry.yarnpkg.com/@babel/code-frame/-/code-frame-7.16.0.tgz#0dfc80309beec8411e65e706461c408b0bb9b431"
  integrity sha512-IF4EOMEV+bfYwOmNxGzSnjR2EmQod7f1UXOpZM3l4i4o4QNwzjtJAu/HxdjHq0aYBvdqMuQEY1eg0nqW9ZPORA==
  dependencies:
    "@babel/highlight" "^7.16.0"

"@babel/generator@^7.16.0":
  version "7.16.0"
  resolved "https://registry.yarnpkg.com/@babel/generator/-/generator-7.16.0.tgz#d40f3d1d5075e62d3500bccb67f3daa8a95265b2"
  integrity sha512-RR8hUCfRQn9j9RPKEVXo9LiwoxLPYn6hNZlvUOR8tSnaxlD0p0+la00ZP9/SnRt6HchKr+X0fO2r8vrETiJGew==
  dependencies:
    "@babel/types" "^7.16.0"
    jsesc "^2.5.1"
    source-map "^0.5.0"

"@babel/helper-annotate-as-pure@^7.16.0":
  version "7.16.0"
  resolved "https://registry.yarnpkg.com/@babel/helper-annotate-as-pure/-/helper-annotate-as-pure-7.16.0.tgz#9a1f0ebcda53d9a2d00108c4ceace6a5d5f1f08d"
  integrity sha512-ItmYF9vR4zA8cByDocY05o0LGUkp1zhbTQOH1NFyl5xXEqlTJQCEJjieriw+aFpxo16swMxUnUiKS7a/r4vtHg==
  dependencies:
    "@babel/types" "^7.16.0"

"@babel/helper-create-class-features-plugin@^7.16.0":
  version "7.16.0"
  resolved "https://registry.yarnpkg.com/@babel/helper-create-class-features-plugin/-/helper-create-class-features-plugin-7.16.0.tgz#090d4d166b342a03a9fec37ef4fd5aeb9c7c6a4b"
  integrity sha512-XLwWvqEaq19zFlF5PTgOod4bUA+XbkR4WLQBct1bkzmxJGB0ZEJaoKF4c8cgH9oBtCDuYJ8BP5NB9uFiEgO5QA==
  dependencies:
    "@babel/helper-annotate-as-pure" "^7.16.0"
    "@babel/helper-function-name" "^7.16.0"
    "@babel/helper-member-expression-to-functions" "^7.16.0"
    "@babel/helper-optimise-call-expression" "^7.16.0"
    "@babel/helper-replace-supers" "^7.16.0"
    "@babel/helper-split-export-declaration" "^7.16.0"

"@babel/helper-function-name@^7.16.0":
  version "7.16.0"
  resolved "https://registry.yarnpkg.com/@babel/helper-function-name/-/helper-function-name-7.16.0.tgz#b7dd0797d00bbfee4f07e9c4ea5b0e30c8bb1481"
  integrity sha512-BZh4mEk1xi2h4HFjWUXRQX5AEx4rvaZxHgax9gcjdLWdkjsY7MKt5p0otjsg5noXw+pB+clMCjw+aEVYADMjog==
  dependencies:
    "@babel/helper-get-function-arity" "^7.16.0"
    "@babel/template" "^7.16.0"
    "@babel/types" "^7.16.0"

"@babel/helper-get-function-arity@^7.16.0":
  version "7.16.0"
  resolved "https://registry.yarnpkg.com/@babel/helper-get-function-arity/-/helper-get-function-arity-7.16.0.tgz#0088c7486b29a9cb5d948b1a1de46db66e089cfa"
  integrity sha512-ASCquNcywC1NkYh/z7Cgp3w31YW8aojjYIlNg4VeJiHkqyP4AzIvr4qx7pYDb4/s8YcsZWqqOSxgkvjUz1kpDQ==
  dependencies:
    "@babel/types" "^7.16.0"

"@babel/helper-hoist-variables@^7.16.0":
  version "7.16.0"
  resolved "https://registry.yarnpkg.com/@babel/helper-hoist-variables/-/helper-hoist-variables-7.16.0.tgz#4c9023c2f1def7e28ff46fc1dbcd36a39beaa81a"
  integrity sha512-1AZlpazjUR0EQZQv3sgRNfM9mEVWPK3M6vlalczA+EECcPz3XPh6VplbErL5UoMpChhSck5wAJHthlj1bYpcmg==
  dependencies:
    "@babel/types" "^7.16.0"

"@babel/helper-member-expression-to-functions@^7.16.0":
  version "7.16.0"
  resolved "https://registry.yarnpkg.com/@babel/helper-member-expression-to-functions/-/helper-member-expression-to-functions-7.16.0.tgz#29287040efd197c77636ef75188e81da8bccd5a4"
  integrity sha512-bsjlBFPuWT6IWhl28EdrQ+gTvSvj5tqVP5Xeftp07SEuz5pLnsXZuDkDD3Rfcxy0IsHmbZ+7B2/9SHzxO0T+sQ==
  dependencies:
    "@babel/types" "^7.16.0"

"@babel/helper-module-imports@^7.16.0":
  version "7.16.0"
  resolved "https://registry.yarnpkg.com/@babel/helper-module-imports/-/helper-module-imports-7.16.0.tgz#90538e60b672ecf1b448f5f4f5433d37e79a3ec3"
  integrity sha512-kkH7sWzKPq0xt3H1n+ghb4xEMP8k0U7XV3kkB+ZGy69kDk2ySFW1qPi06sjKzFY3t1j6XbJSqr4mF9L7CYVyhg==
  dependencies:
    "@babel/types" "^7.16.0"

"@babel/helper-optimise-call-expression@^7.16.0":
  version "7.16.0"
  resolved "https://registry.yarnpkg.com/@babel/helper-optimise-call-expression/-/helper-optimise-call-expression-7.16.0.tgz#cecdb145d70c54096b1564f8e9f10cd7d193b338"
  integrity sha512-SuI467Gi2V8fkofm2JPnZzB/SUuXoJA5zXe/xzyPP2M04686RzFKFHPK6HDVN6JvWBIEW8tt9hPR7fXdn2Lgpw==
  dependencies:
    "@babel/types" "^7.16.0"

"@babel/helper-plugin-utils@^7.14.5":
  version "7.14.5"
  resolved "https://registry.yarnpkg.com/@babel/helper-plugin-utils/-/helper-plugin-utils-7.14.5.tgz#5ac822ce97eec46741ab70a517971e443a70c5a9"
  integrity sha512-/37qQCE3K0vvZKwoK4XU/irIJQdIfCJuhU5eKnNxpFDsOkgFaUAwbv+RYw6eYgsC0E4hS7r5KqGULUogqui0fQ==

"@babel/helper-replace-supers@^7.16.0":
  version "7.16.0"
  resolved "https://registry.yarnpkg.com/@babel/helper-replace-supers/-/helper-replace-supers-7.16.0.tgz#73055e8d3cf9bcba8ddb55cad93fedc860f68f17"
  integrity sha512-TQxuQfSCdoha7cpRNJvfaYxxxzmbxXw/+6cS7V02eeDYyhxderSoMVALvwupA54/pZcOTtVeJ0xccp1nGWladA==
  dependencies:
    "@babel/helper-member-expression-to-functions" "^7.16.0"
    "@babel/helper-optimise-call-expression" "^7.16.0"
    "@babel/traverse" "^7.16.0"
    "@babel/types" "^7.16.0"

"@babel/helper-split-export-declaration@^7.16.0":
  version "7.16.0"
  resolved "https://registry.yarnpkg.com/@babel/helper-split-export-declaration/-/helper-split-export-declaration-7.16.0.tgz#29672f43663e936df370aaeb22beddb3baec7438"
  integrity sha512-0YMMRpuDFNGTHNRiiqJX19GjNXA4H0E8jZ2ibccfSxaCogbm3am5WN/2nQNj0YnQwGWM1J06GOcQ2qnh3+0paw==
  dependencies:
    "@babel/types" "^7.16.0"

"@babel/helper-validator-identifier@^7.15.7":
  version "7.15.7"
  resolved "https://registry.yarnpkg.com/@babel/helper-validator-identifier/-/helper-validator-identifier-7.15.7.tgz#220df993bfe904a4a6b02ab4f3385a5ebf6e2389"
  integrity sha512-K4JvCtQqad9OY2+yTU8w+E82ywk/fe+ELNlt1G8z3bVGlZfn/hOcQQsUhGhW/N+tb3fxK800wLtKOE/aM0m72w==

"@babel/helper-validator-option@^7.14.5":
  version "7.14.5"
  resolved "https://registry.yarnpkg.com/@babel/helper-validator-option/-/helper-validator-option-7.14.5.tgz#6e72a1fff18d5dfcb878e1e62f1a021c4b72d5a3"
  integrity sha512-OX8D5eeX4XwcroVW45NMvoYaIuFI+GQpA2a8Gi+X/U/cDUIRsV37qQfF905F0htTRCREQIB4KqPeaveRJUl3Ow==

"@babel/highlight@^7.16.0":
  version "7.16.0"
  resolved "https://registry.yarnpkg.com/@babel/highlight/-/highlight-7.16.0.tgz#6ceb32b2ca4b8f5f361fb7fd821e3fddf4a1725a"
  integrity sha512-t8MH41kUQylBtu2+4IQA3atqevA2lRgqA2wyVB/YiWmsDSuylZZuXOUy9ric30hfzauEFfdsuk/eXTRrGrfd0g==
  dependencies:
    "@babel/helper-validator-identifier" "^7.15.7"
    chalk "^2.0.0"
    js-tokens "^4.0.0"

"@babel/parser@^7.16.0", "@babel/parser@^7.16.3":
  version "7.16.3"
  resolved "https://registry.yarnpkg.com/@babel/parser/-/parser-7.16.3.tgz#271bafcb811080905a119222edbc17909c82261d"
  integrity sha512-dcNwU1O4sx57ClvLBVFbEgx0UZWfd0JQX5X6fxFRCLHelFBGXFfSz6Y0FAq2PEwUqlqLkdVjVr4VASEOuUnLJw==

"@babel/plugin-syntax-jsx@^7.16.0":
  version "7.16.0"
  resolved "https://registry.yarnpkg.com/@babel/plugin-syntax-jsx/-/plugin-syntax-jsx-7.16.0.tgz#f9624394317365a9a88c82358d3f8471154698f1"
  integrity sha512-8zv2+xiPHwly31RK4RmnEYY5zziuF3O7W2kIDW+07ewWDh6Oi0dRq8kwvulRkFgt6DB97RlKs5c1y068iPlCUg==
  dependencies:
    "@babel/helper-plugin-utils" "^7.14.5"

"@babel/plugin-syntax-typescript@^7.16.0":
  version "7.16.0"
  resolved "https://registry.yarnpkg.com/@babel/plugin-syntax-typescript/-/plugin-syntax-typescript-7.16.0.tgz#2feeb13d9334cc582ea9111d3506f773174179bb"
  integrity sha512-Xv6mEXqVdaqCBfJFyeab0fH2DnUoMsDmhamxsSi4j8nLd4Vtw213WMJr55xxqipC/YVWyPY3K0blJncPYji+dQ==
  dependencies:
    "@babel/helper-plugin-utils" "^7.14.5"

"@babel/plugin-transform-react-display-name@^7.16.0":
  version "7.16.0"
  resolved "https://registry.yarnpkg.com/@babel/plugin-transform-react-display-name/-/plugin-transform-react-display-name-7.16.0.tgz#9a0ad8aa8e8790883a7bd2736f66229a58125676"
  integrity sha512-FJFdJAqaCpndL+pIf0aeD/qlQwT7QXOvR6Cc8JPvNhKJBi2zc/DPc4g05Y3fbD/0iWAMQFGij4+Xw+4L/BMpTg==
  dependencies:
    "@babel/helper-plugin-utils" "^7.14.5"

"@babel/plugin-transform-react-jsx-development@^7.16.0":
  version "7.16.0"
  resolved "https://registry.yarnpkg.com/@babel/plugin-transform-react-jsx-development/-/plugin-transform-react-jsx-development-7.16.0.tgz#1cb52874678d23ab11d0d16488d54730807303ef"
  integrity sha512-qq65iSqBRq0Hr3wq57YG2AmW0H6wgTnIzpffTphrUWUgLCOK+zf1f7G0vuOiXrp7dU1qq+fQBoqZ3wCDAkhFzw==
  dependencies:
    "@babel/plugin-transform-react-jsx" "^7.16.0"

"@babel/plugin-transform-react-jsx@^7.16.0":
  version "7.16.0"
  resolved "https://registry.yarnpkg.com/@babel/plugin-transform-react-jsx/-/plugin-transform-react-jsx-7.16.0.tgz#55b797d4960c3de04e07ad1c0476e2bc6a4889f1"
  integrity sha512-rqDgIbukZ44pqq7NIRPGPGNklshPkvlmvqjdx3OZcGPk4zGIenYkxDTvl3LsSL8gqcc3ZzGmXPE6hR/u/voNOw==
  dependencies:
    "@babel/helper-annotate-as-pure" "^7.16.0"
    "@babel/helper-module-imports" "^7.16.0"
    "@babel/helper-plugin-utils" "^7.14.5"
    "@babel/plugin-syntax-jsx" "^7.16.0"
    "@babel/types" "^7.16.0"

"@babel/plugin-transform-react-pure-annotations@^7.16.0":
  version "7.16.0"
  resolved "https://registry.yarnpkg.com/@babel/plugin-transform-react-pure-annotations/-/plugin-transform-react-pure-annotations-7.16.0.tgz#23db6ddf558d8abde41b8ad9d59f48ad5532ccab"
  integrity sha512-NC/Bj2MG+t8Ef5Pdpo34Ay74X4Rt804h5y81PwOpfPtmAK3i6CizmQqwyBQzIepz1Yt8wNr2Z2L7Lu3qBMfZMA==
  dependencies:
    "@babel/helper-annotate-as-pure" "^7.16.0"
    "@babel/helper-plugin-utils" "^7.14.5"

"@babel/plugin-transform-typescript@^7.16.0":
  version "7.16.1"
  resolved "https://registry.yarnpkg.com/@babel/plugin-transform-typescript/-/plugin-transform-typescript-7.16.1.tgz#cc0670b2822b0338355bc1b3d2246a42b8166409"
  integrity sha512-NO4XoryBng06jjw/qWEU2LhcLJr1tWkhpMam/H4eas/CDKMX/b2/Ylb6EI256Y7+FVPCawwSM1rrJNOpDiz+Lg==
  dependencies:
    "@babel/helper-create-class-features-plugin" "^7.16.0"
    "@babel/helper-plugin-utils" "^7.14.5"
    "@babel/plugin-syntax-typescript" "^7.16.0"

"@babel/preset-react@^7.16.0":
  version "7.16.0"
  resolved "https://registry.yarnpkg.com/@babel/preset-react/-/preset-react-7.16.0.tgz#f71d3e8dff5218478011df037fad52660ee6d82a"
  integrity sha512-d31IFW2bLRB28uL1WoElyro8RH5l6531XfxMtCeCmp6RVAF1uTfxxUA0LH1tXl+psZdwfmIbwoG4U5VwgbhtLw==
  dependencies:
    "@babel/helper-plugin-utils" "^7.14.5"
    "@babel/helper-validator-option" "^7.14.5"
    "@babel/plugin-transform-react-display-name" "^7.16.0"
    "@babel/plugin-transform-react-jsx" "^7.16.0"
    "@babel/plugin-transform-react-jsx-development" "^7.16.0"
    "@babel/plugin-transform-react-pure-annotations" "^7.16.0"

"@babel/preset-typescript@^7.16.0":
  version "7.16.0"
  resolved "https://registry.yarnpkg.com/@babel/preset-typescript/-/preset-typescript-7.16.0.tgz#b0b4f105b855fb3d631ec036cdc9d1ffd1fa5eac"
  integrity sha512-txegdrZYgO9DlPbv+9QOVpMnKbOtezsLHWsnsRF4AjbSIsVaujrq1qg8HK0mxQpWv0jnejt0yEoW1uWpvbrDTg==
  dependencies:
    "@babel/helper-plugin-utils" "^7.14.5"
    "@babel/helper-validator-option" "^7.14.5"
    "@babel/plugin-transform-typescript" "^7.16.0"

"@babel/runtime@^7.13.10", "@babel/runtime@^7.7.2":
  version "7.16.3"
  resolved "https://registry.yarnpkg.com/@babel/runtime/-/runtime-7.16.3.tgz#b86f0db02a04187a3c17caa77de69840165d42d5"
  integrity sha512-WBwekcqacdY2e9AF/Q7WLFUWmdJGJTkbjqTjoMDgXkVZ3ZRUvOPsLb5KdwISoQVsbP+DQzVZW4Zhci0DvpbNTQ==
  dependencies:
    regenerator-runtime "^0.13.4"

"@babel/template@^7.16.0":
  version "7.16.0"
  resolved "https://registry.yarnpkg.com/@babel/template/-/template-7.16.0.tgz#d16a35ebf4cd74e202083356fab21dd89363ddd6"
  integrity sha512-MnZdpFD/ZdYhXwiunMqqgyZyucaYsbL0IrjoGjaVhGilz+x8YB++kRfygSOIj1yOtWKPlx7NBp+9I1RQSgsd5A==
  dependencies:
    "@babel/code-frame" "^7.16.0"
    "@babel/parser" "^7.16.0"
    "@babel/types" "^7.16.0"

"@babel/traverse@^7.16.0":
  version "7.16.3"
  resolved "https://registry.yarnpkg.com/@babel/traverse/-/traverse-7.16.3.tgz#f63e8a938cc1b780f66d9ed3c54f532ca2d14787"
  integrity sha512-eolumr1vVMjqevCpwVO99yN/LoGL0EyHiLO5I043aYQvwOJ9eR5UsZSClHVCzfhBduMAsSzgA/6AyqPjNayJag==
  dependencies:
    "@babel/code-frame" "^7.16.0"
    "@babel/generator" "^7.16.0"
    "@babel/helper-function-name" "^7.16.0"
    "@babel/helper-hoist-variables" "^7.16.0"
    "@babel/helper-split-export-declaration" "^7.16.0"
    "@babel/parser" "^7.16.3"
    "@babel/types" "^7.16.0"
    debug "^4.1.0"
    globals "^11.1.0"

"@babel/types@^7.16.0":
  version "7.16.0"
  resolved "https://registry.yarnpkg.com/@babel/types/-/types-7.16.0.tgz#db3b313804f96aadd0b776c4823e127ad67289ba"
  integrity sha512-PJgg/k3SdLsGb3hhisFvtLOw5ts113klrpLuIPtCJIU+BB24fqq6lf8RWqKJEjzqXR9AEH1rIb5XTqwBHB+kQg==
  dependencies:
    "@babel/helper-validator-identifier" "^7.15.7"
    to-fast-properties "^2.0.0"

"@types/ip6addr@^0.2.3":
  version "0.2.3"
  resolved "https://registry.yarnpkg.com/@types/ip6addr/-/ip6addr-0.2.3.tgz#9318f51591d76d20222ebe407a2323fccdcc6e7c"
  integrity sha512-oe7hzc+P9DU6+gql8+bLKuUf4WL4aakyCSXZMZq2cjhhGK75qYwH1zJ4s94XOlnb4cAhrGKwnbrmMBaqDK8+Ww==

"@types/netmask@^1.0.30":
  version "1.0.30"
  resolved "https://registry.yarnpkg.com/@types/netmask/-/netmask-1.0.30.tgz#b68005e3e3c19f517ced4610bb69dce2e0c5babb"
  integrity sha512-Kl1xAICLv1Y7/WsNXkPKldRMz3QmXUYMIzr3rMXnIBDy9c4/sYG7V6P6u7Ja3w+uNtNQrRudJduqVoYX/DxfZg==

"@types/prop-types@*":
  version "15.7.4"
  resolved "https://registry.yarnpkg.com/@types/prop-types/-/prop-types-15.7.4.tgz#fcf7205c25dff795ee79af1e30da2c9790808f11"
  integrity sha512-rZ5drC/jWjrArrS8BR6SIr4cWpW09RNTYt9AMZo3Jwwif+iacXAqgVjm0B0Bv/S1jhDXKHqRVNCbACkJ89RAnQ==

"@types/punycode@^2.1.0":
  version "2.1.0"
  resolved "https://registry.yarnpkg.com/@types/punycode/-/punycode-2.1.0.tgz#89e4f3d09b3f92e87a80505af19be7e0c31d4e83"
  integrity sha512-PG5aLpW6PJOeV2fHRslP4IOMWn+G+Uq8CfnyJ+PDS8ndCbU+soO+fB3NKCKo0p/Jh2Y4aPaiQZsrOXFdzpcA6g==

"@types/react-dom@^17.0.11":
  version "17.0.11"
  resolved "https://registry.yarnpkg.com/@types/react-dom/-/react-dom-17.0.11.tgz#e1eadc3c5e86bdb5f7684e00274ae228e7bcc466"
  integrity sha512-f96K3k+24RaLGVu/Y2Ng3e1EbZ8/cVJvypZWd7cy0ofCBaf2lcM46xNhycMZ2xGwbBjRql7hOlZ+e2WlJ5MH3Q==
  dependencies:
    "@types/react" "*"

"@types/react@*", "@types/react@^17.0.34":
  version "17.0.34"
  resolved "https://registry.yarnpkg.com/@types/react/-/react-17.0.34.tgz#797b66d359b692e3f19991b6b07e4b0c706c0102"
  integrity sha512-46FEGrMjc2+8XhHXILr+3+/sTe3OfzSPU9YGKILLrUYbQ1CLQC9Daqo1KzENGXAWwrFwiY0l4ZbF20gRvgpWTg==
  dependencies:
    "@types/prop-types" "*"
    "@types/scheduler" "*"
    csstype "^3.0.2"

"@types/scheduler@*":
  version "0.16.2"
  resolved "https://registry.yarnpkg.com/@types/scheduler/-/scheduler-0.16.2.tgz#1a62f89525723dde24ba1b01b092bf5df8ad4d39"
  integrity sha512-hppQEBDmlwhFAXKJX2KnWLYu5yMfi91yazPb2l+lbJiwW+wdo1gNeRA+3RgNSO39WYX2euey41KEwnqesU2Jew==

ansi-styles@^3.2.1:
  version "3.2.1"
  resolved "https://registry.yarnpkg.com/ansi-styles/-/ansi-styles-3.2.1.tgz#41fbb20243e50b12be0f04b8dedbf07520ce841d"
  integrity sha512-VT0ZI6kZRdTh8YyJw3SMbYm/u+NqfsAxEpWO0Pf9sq8/e94WxxOpPKx9FR1FlyCtOVDNOQ+8ntlqFxiRc+r5qA==
  dependencies:
    color-convert "^1.9.0"

argparse@^1.0.7:
  version "1.0.10"
  resolved "https://registry.yarnpkg.com/argparse/-/argparse-1.0.10.tgz#bcd6791ea5ae09725e17e5ad988134cd40b3d911"
  integrity sha512-o5Roy6tNG4SL/FOkCAN6RzjiakZS25RLYFrcMttJqbdd8BWrnA+fGz57iN5Pb06pvBGvl5gQ0B48dJlslXvoTg==
  dependencies:
    sprintf-js "~1.0.2"

assert-plus@1.0.0, assert-plus@^1.0.0:
  version "1.0.0"
  resolved "https://registry.yarnpkg.com/assert-plus/-/assert-plus-1.0.0.tgz#f12e0f3c5d77b0b1cdd9146942e4e96c1e4dd525"
  integrity sha1-8S4PPF13sLHN2RRpQuTpbB5N1SU=

chalk@^2.0.0:
  version "2.4.2"
  resolved "https://registry.yarnpkg.com/chalk/-/chalk-2.4.2.tgz#cd42541677a54333cf541a49108c1432b44c9424"
  integrity sha512-Mti+f9lpJNcwF4tWV8/OrTTtF1gZi+f8FqlyAdouralcFWFQWF2+NgCHShjkCb+IFBLq9buZwE1xckQU4peSuQ==
  dependencies:
    ansi-styles "^3.2.1"
    escape-string-regexp "^1.0.5"
    supports-color "^5.3.0"

cidr-regex@^3.1.1:
  version "3.1.1"
  resolved "https://registry.yarnpkg.com/cidr-regex/-/cidr-regex-3.1.1.tgz#ba1972c57c66f61875f18fd7dd487469770b571d"
  integrity sha512-RBqYd32aDwbCMFJRL6wHOlDNYJsPNTt8vC82ErHF5vKt8QQzxm1FrkW8s/R5pVrXMf17sba09Uoy91PKiddAsw==
  dependencies:
    ip-regex "^4.1.0"

color-convert@^1.9.0:
  version "1.9.3"
  resolved "https://registry.yarnpkg.com/color-convert/-/color-convert-1.9.3.tgz#bb71850690e1f136567de629d2d5471deda4c1e8"
  integrity sha512-QfAUtd+vFdAtFQcC8CCyYt1fYWxSqAiK2cSD6zDB8N3cpsEBAvRxp9zOGg6G/SHHJYAT88/az/IuDGALsNVbGg==
  dependencies:
    color-name "1.1.3"

color-name@1.1.3:
  version "1.1.3"
  resolved "https://registry.yarnpkg.com/color-name/-/color-name-1.1.3.tgz#a7d0558bd89c42f795dd42328f740831ca53bc25"
  integrity sha1-p9BVi9icQveV3UIyj3QIMcpTvCU=

consola@^2.12.2:
  version "2.15.3"
  resolved "https://registry.yarnpkg.com/consola/-/consola-2.15.3.tgz#2e11f98d6a4be71ff72e0bdf07bd23e12cb61550"
  integrity sha512-9vAdYbHj6x2fLKC4+oPH0kFzY/orMZyG2Aj+kNylHxKGJ/Ed4dpNyAQYwJOdqO4zdM7XpVHmyejQDcQHrnuXbw==

core-util-is@1.0.2:
  version "1.0.2"
  resolved "https://registry.yarnpkg.com/core-util-is/-/core-util-is-1.0.2.tgz#b5fd54220aa2bc5ab57aab7140c940754503c1a7"
  integrity sha1-tf1UIgqivFq1eqtxQMlAdUUDwac=

css-loader@^6.5.1:
  version "6.5.1"
  resolved "https://registry.yarnpkg.com/css-loader/-/css-loader-6.5.1.tgz#0c43d4fbe0d97f699c91e9818cb585759091d1b1"
  integrity sha512-gEy2w9AnJNnD9Kuo4XAP9VflW/ujKoS9c/syO+uWMlm5igc7LysKzPXaDoR2vroROkSwsTS2tGr1yGGEbZOYZQ==
  dependencies:
    icss-utils "^5.1.0"
    postcss "^8.2.15"
    postcss-modules-extract-imports "^3.0.0"
    postcss-modules-local-by-default "^4.0.0"
    postcss-modules-scope "^3.0.0"
    postcss-modules-values "^4.0.0"
    postcss-value-parser "^4.1.0"
    semver "^7.3.5"

cssesc@^3.0.0:
  version "3.0.0"
  resolved "https://registry.yarnpkg.com/cssesc/-/cssesc-3.0.0.tgz#37741919903b868565e1c09ea747445cd18983ee"
  integrity sha512-/Tb/JcjK111nNScGob5MNtsntNM1aCNUDipB/TkwZFhyDrrE47SOx/18wF2bbjgc3ZzCSKW1T5nt5EbFoAz/Vg==

csstype@^3.0.2:
  version "3.0.10"
  resolved "https://registry.yarnpkg.com/csstype/-/csstype-3.0.10.tgz#2ad3a7bed70f35b965707c092e5f30b327c290e5"
  integrity sha512-2u44ZG2OcNUO9HDp/Jl8C07x6pU/eTR3ncV91SiK3dhG9TWvRVsCoJw14Ckx5DgWkzGA3waZWO3d7pgqpUI/XA==

debug@^4.1.0:
  version "4.3.2"
  resolved "https://registry.yarnpkg.com/debug/-/debug-4.3.2.tgz#f0a49c18ac8779e31d4a0c6029dfb76873c7428b"
  integrity sha512-mOp8wKcvj7XxC78zLgw/ZA+6TSgkoE2C/ienthhRD298T7UNwAg9diBpLRxC0mOezLl4B0xV7M0cCO6P/O0Xhw==
  dependencies:
    ms "2.1.2"

deepmerge@^2.1.1:
  version "2.2.1"
  resolved "https://registry.yarnpkg.com/deepmerge/-/deepmerge-2.2.1.tgz#5d3ff22a01c00f645405a2fbc17d0778a1801170"
  integrity sha512-R9hc1Xa/NOBi9WRVUWg19rl1UB7Tt4kuPd+thNJgFZoxXsTz7ncaPaeIm+40oSGuP33DfMb4sZt1QIGiJzC4EA==

escape-string-regexp@^1.0.5:
  version "1.0.5"
  resolved "https://registry.yarnpkg.com/escape-string-regexp/-/escape-string-regexp-1.0.5.tgz#1b61c0562190a8dff6ae3bb2cf0200ca130b86d4"
  integrity sha1-G2HAViGQqN/2rjuyzwIAyhMLhtQ=

esprima@^4.0.0:
  version "4.0.1"
  resolved "https://registry.yarnpkg.com/esprima/-/esprima-4.0.1.tgz#13b04cdb3e6c5d19df91ab6987a8695619b0aa71"
  integrity sha512-eGuFFw7Upda+g4p+QHvnW0RyTX/SVeJBDM/gCtMARO0cLuT2HcEKnTPvhjV6aGeqrCB/sbNop0Kszm0jsaWU4A==

"extended-css@git+https://github.com/AdguardTeam/ExtendedCss.git#v1.3.13":
  version "1.3.13"
  resolved "git+https://github.com/AdguardTeam/ExtendedCss.git#66c6c9a390f53325876e54e3de486338b2535a2c"

extsprintf@1.3.0:
  version "1.3.0"
  resolved "https://registry.yarnpkg.com/extsprintf/-/extsprintf-1.3.0.tgz#96918440e3041a7a414f8c52e3c574eb3c3e1e05"
  integrity sha1-lpGEQOMEGnpBT4xS48V06zw+HgU=

extsprintf@^1.2.0:
  version "1.4.1"
  resolved "https://registry.yarnpkg.com/extsprintf/-/extsprintf-1.4.1.tgz#8d172c064867f235c0c84a596806d279bf4bcc07"
  integrity sha512-Wrk35e8ydCKDj/ArClo1VrPVmN8zph5V4AtHwIuHhvMXsKf73UT3BOD+azBIW+3wOJ4FhEH7zyaJCFvChjYvMA==

formik@^2.2.9:
  version "2.2.9"
  resolved "https://registry.yarnpkg.com/formik/-/formik-2.2.9.tgz#8594ba9c5e2e5cf1f42c5704128e119fc46232d0"
  integrity sha512-LQLcISMmf1r5at4/gyJigGn0gOwFbeEAlji+N9InZF6LIMXnFNkO42sCI8Jt84YZggpD4cPWObAZaxpEFtSzNA==
  dependencies:
    deepmerge "^2.1.1"
    hoist-non-react-statics "^3.3.0"
    lodash "^4.17.21"
    lodash-es "^4.17.21"
    react-fast-compare "^2.0.1"
    tiny-warning "^1.0.2"
    tslib "^1.10.0"

globals@^11.1.0:
  version "11.12.0"
  resolved "https://registry.yarnpkg.com/globals/-/globals-11.12.0.tgz#ab8795338868a0babd8525758018c2a7eb95c42e"
  integrity sha512-WOBp/EEGUiIsJSp7wcv/y6MO+lV9UoncWqxuFfm8eBwzWNgyfBd6Gz+IeKQ9jCmyhoH99g15M3T+QaVHFjizVA==

has-flag@^3.0.0:
  version "3.0.0"
  resolved "https://registry.yarnpkg.com/has-flag/-/has-flag-3.0.0.tgz#b5d454dc2199ae225699f3467e5a07f3b955bafd"
  integrity sha1-tdRU3CGZriJWmfNGfloH87lVuv0=

hoist-non-react-statics@^3.3.0:
  version "3.3.2"
  resolved "https://registry.yarnpkg.com/hoist-non-react-statics/-/hoist-non-react-statics-3.3.2.tgz#ece0acaf71d62c2969c2ec59feff42a4b1a85b45"
  integrity sha512-/gGivxi8JPKWNm/W0jSmzcMPpfpPLc3dY/6GxhX2hQ9iGj3aDfklV4ET7NjKpSinLpJ5vafa9iiGIEZg10SfBw==
  dependencies:
    react-is "^16.7.0"

icss-utils@^5.0.0, icss-utils@^5.1.0:
  version "5.1.0"
  resolved "https://registry.yarnpkg.com/icss-utils/-/icss-utils-5.1.0.tgz#c6be6858abd013d768e98366ae47e25d5887b1ae"
  integrity sha512-soFhflCVWLfRNOPU3iv5Z9VUdT44xFRbzjLsEzSr5AQmgqPMTHdU3PMT1Cf1ssx8fLNJDA1juftYl+PUcv3MqA==

ip-regex@^4.0.0, ip-regex@^4.1.0:
  version "4.3.0"
  resolved "https://registry.yarnpkg.com/ip-regex/-/ip-regex-4.3.0.tgz#687275ab0f57fa76978ff8f4dddc8a23d5990db5"
  integrity sha512-B9ZWJxHHOHUhUjCPrMpLD4xEq35bUTClHM1S6CBU5ixQnkZmwipwgc96vAd7AAGM9TGHvJR+Uss+/Ak6UphK+Q==

ip6addr@^0.2.3:
  version "0.2.4"
  resolved "https://registry.yarnpkg.com/ip6addr/-/ip6addr-0.2.4.tgz#01d963a29464c9feab26c1367e054e2d65b104e7"
  integrity sha512-LrIYoxSeUgRogprmfljfbTmAxaG6SM3FluILQmOyATWS7uQEFoc1uTaEFAkRf//m8FXmOWc1HafmeapMkX8a4A==
  dependencies:
    assert-plus "^1.0.0"
    jsprim "^1.4.0"

is-cidr@^4.0.2:
  version "4.0.2"
  resolved "https://registry.yarnpkg.com/is-cidr/-/is-cidr-4.0.2.tgz#94c7585e4c6c77ceabf920f8cde51b8c0fda8814"
  integrity sha512-z4a1ENUajDbEl/Q6/pVBpTR1nBjjEE1X7qb7bmWYanNnPoKAvUCPFKeXV6Fe4mgTkWKBqiHIcwsI3SndiO5FeA==
  dependencies:
    cidr-regex "^3.1.1"

is-ip@^3.1.0:
  version "3.1.0"
  resolved "https://registry.yarnpkg.com/is-ip/-/is-ip-3.1.0.tgz#2ae5ddfafaf05cb8008a62093cf29734f657c5d8"
  integrity sha512-35vd5necO7IitFPjd/YBeqwWnyDWbuLH9ZXQdMfDA8TEo7pv5X8yfrvVO3xbJbLUlERCMvf6X0hTUamQxCYJ9Q==
  dependencies:
    ip-regex "^4.0.0"

"js-tokens@^3.0.0 || ^4.0.0", js-tokens@^4.0.0:
  version "4.0.0"
  resolved "https://registry.yarnpkg.com/js-tokens/-/js-tokens-4.0.0.tgz#19203fb59991df98e3a287050d4647cdeaf32499"
  integrity sha512-RdJUflcE3cUzKiMqQgsCu06FPu9UdIJO0beYbPhHN4k6apgJtifcoCtT9bcxOpYBtpD2kCM6Sbzg4CausW/PKQ==

js-yaml@^3.13.1:
  version "3.14.1"
  resolved "https://registry.yarnpkg.com/js-yaml/-/js-yaml-3.14.1.tgz#dae812fdb3825fa306609a8717383c50c36a0537"
  integrity sha512-okMH7OXXJ7YrN9Ok3/SXrnu4iX9yOk+25nqX4imS2npuvTYDmo/QEZoqwZkYaIDk3jVvBOTOIEgEhaLOynBS9g==
  dependencies:
    argparse "^1.0.7"
    esprima "^4.0.0"

jsesc@^2.5.1:
  version "2.5.2"
  resolved "https://registry.yarnpkg.com/jsesc/-/jsesc-2.5.2.tgz#80564d2e483dacf6e8ef209650a67df3f0c283a4"
  integrity sha512-OYu7XEzjkCQ3C5Ps3QIZsQfNpqoJyZZA99wd9aWd05NCtC5pWOkShK2mkL6HXQR6/Cy2lbNdPlZBpuQHXE63gA==

json-schema@0.2.3:
  version "0.2.3"
  resolved "https://registry.yarnpkg.com/json-schema/-/json-schema-0.2.3.tgz#b480c892e59a2f05954ce727bd3f2a4e882f9e13"
  integrity sha1-tIDIkuWaLwWVTOcnvT8qTogvnhM=

jsprim@^1.4.0:
  version "1.4.1"
  resolved "https://registry.yarnpkg.com/jsprim/-/jsprim-1.4.1.tgz#313e66bc1e5cc06e438bc1b7499c2e5c56acb6a2"
  integrity sha1-MT5mvB5cwG5Di8G3SZwuXFastqI=
  dependencies:
    assert-plus "1.0.0"
    extsprintf "1.3.0"
    json-schema "0.2.3"
    verror "1.10.0"

lodash-es@^4.17.21:
  version "4.17.21"
  resolved "https://registry.yarnpkg.com/lodash-es/-/lodash-es-4.17.21.tgz#43e626c46e6591b7750beb2b50117390c609e3ee"
  integrity sha512-mKnC+QJ9pWVzv+C4/U3rRsHapFfHvQFoFB92e52xeyGMcX6/OlIl78je1u8vePzYZSkkogMPJ2yjxxsb89cxyw==

lodash@^4.17.21:
  version "4.17.21"
  resolved "https://registry.yarnpkg.com/lodash/-/lodash-4.17.21.tgz#679591c564c3bffaae8454cf0b3df370c3d6911c"
  integrity sha512-v2kDEe57lecTulaDIuNTPy3Ry4gLGJ6Z1O3vE1krgXZNrsQ+LFTGHVxVjcXPs17LhbZVGedAJv8XZ1tvj5FvSg==

loose-envify@^1.1.0:
  version "1.4.0"
  resolved "https://registry.yarnpkg.com/loose-envify/-/loose-envify-1.4.0.tgz#71ee51fa7be4caec1a63839f7e682d8132d30caf"
  integrity sha512-lyuxPGr/Wfhrlem2CL/UcnUc1zcqKAImBDzukY7Y5F/yQiNdko6+fRLevlw1HgMySw7f611UIY408EtxRSoK3Q==
  dependencies:
    js-tokens "^3.0.0 || ^4.0.0"

lru-cache@^6.0.0:
  version "6.0.0"
  resolved "https://registry.yarnpkg.com/lru-cache/-/lru-cache-6.0.0.tgz#6d6fe6570ebd96aaf90fcad1dafa3b2566db3a94"
  integrity sha512-Jo6dJ04CmSjuznwJSS3pUeWmd/H0ffTlkXXgwZi+eq1UCmqQwCh+eLsYOYCwY991i2Fah4h1BEMCx4qThGbsiA==
  dependencies:
    yallist "^4.0.0"

lru_map@^0.4.1:
  version "0.4.1"
  resolved "https://registry.yarnpkg.com/lru_map/-/lru_map-0.4.1.tgz#f7b4046283c79fb7370c36f8fca6aee4324b0a98"
  integrity sha512-I+lBvqMMFfqaV8CJCISjI3wbjmwVu/VyOoU7+qtu9d7ioW5klMgsTTiUOUp+DJvfTTzKXoPbyC6YfgkNcyPSOg==

ms@2.1.2:
  version "2.1.2"
  resolved "https://registry.yarnpkg.com/ms/-/ms-2.1.2.tgz#d09d1f357b443f493382a8eb3ccd183872ae6009"
  integrity sha512-sGkPx+VjMtmA6MX27oA4FBFELFCZZ4S4XqeGOXCv68tT+jb3vk/RyaKWP0PTKyWtmLSM0b+adUTEvbs1PEaH2w==

nanoid@^3.1.30:
  version "3.1.30"
  resolved "https://registry.yarnpkg.com/nanoid/-/nanoid-3.1.30.tgz#63f93cc548d2a113dc5dfbc63bfa09e2b9b64362"
  integrity sha512-zJpuPDwOv8D2zq2WRoMe1HsfZthVewpel9CAvTfc/2mBD1uUT/agc5f7GHGWXlYkFvi1mVxe4IjvP2HNrop7nQ==

netmask@^2.0.2:
  version "2.0.2"
  resolved "https://registry.yarnpkg.com/netmask/-/netmask-2.0.2.tgz#8b01a07644065d536383835823bc52004ebac5e7"
  integrity sha512-dBpDMdxv9Irdq66304OLfEmQ9tbNRFnFTuZiLo+bD+r332bBmMJ8GBLXklIXXgxd3+v9+KUnZaUR5PJMa75Gsg==

object-assign@^4.1.1:
  version "4.1.1"
  resolved "https://registry.yarnpkg.com/object-assign/-/object-assign-4.1.1.tgz#2109adc7965887cfc05cbbd442cac8bfbb360863"
  integrity sha1-IQmtx5ZYh8/AXLvUQsrIv7s2CGM=

picocolors@^1.0.0:
  version "1.0.0"
  resolved "https://registry.yarnpkg.com/picocolors/-/picocolors-1.0.0.tgz#cb5bdc74ff3f51892236eaf79d68bc44564ab81c"
  integrity sha512-1fygroTLlHu66zi26VoTDv8yRgm0Fccecssto+MhsZ0D/DGW2sm8E8AjW7NU5VVTRt5GxbeZ5qBuJr+HyLYkjQ==

postcss-modules-extract-imports@^3.0.0:
  version "3.0.0"
  resolved "https://registry.yarnpkg.com/postcss-modules-extract-imports/-/postcss-modules-extract-imports-3.0.0.tgz#cda1f047c0ae80c97dbe28c3e76a43b88025741d"
  integrity sha512-bdHleFnP3kZ4NYDhuGlVK+CMrQ/pqUm8bx/oGL93K6gVwiclvX5x0n76fYMKuIGKzlABOy13zsvqjb0f92TEXw==

postcss-modules-local-by-default@^4.0.0:
  version "4.0.0"
  resolved "https://registry.yarnpkg.com/postcss-modules-local-by-default/-/postcss-modules-local-by-default-4.0.0.tgz#ebbb54fae1598eecfdf691a02b3ff3b390a5a51c"
  integrity sha512-sT7ihtmGSF9yhm6ggikHdV0hlziDTX7oFoXtuVWeDd3hHObNkcHRo9V3yg7vCAY7cONyxJC/XXCmmiHHcvX7bQ==
  dependencies:
    icss-utils "^5.0.0"
    postcss-selector-parser "^6.0.2"
    postcss-value-parser "^4.1.0"

postcss-modules-scope@^3.0.0:
  version "3.0.0"
  resolved "https://registry.yarnpkg.com/postcss-modules-scope/-/postcss-modules-scope-3.0.0.tgz#9ef3151456d3bbfa120ca44898dfca6f2fa01f06"
  integrity sha512-hncihwFA2yPath8oZ15PZqvWGkWf+XUfQgUGamS4LqoP1anQLOsOJw0vr7J7IwLpoY9fatA2qiGUGmuZL0Iqlg==
  dependencies:
    postcss-selector-parser "^6.0.4"

postcss-modules-values@^4.0.0:
  version "4.0.0"
  resolved "https://registry.yarnpkg.com/postcss-modules-values/-/postcss-modules-values-4.0.0.tgz#d7c5e7e68c3bb3c9b27cbf48ca0bb3ffb4602c9c"
  integrity sha512-RDxHkAiEGI78gS2ofyvCsu7iycRv7oqw5xMWn9iMoR0N/7mf9D50ecQqUo5BZ9Zh2vH4bCUR/ktCqbB9m8vJjQ==
  dependencies:
    icss-utils "^5.0.0"

postcss-selector-parser@^6.0.2, postcss-selector-parser@^6.0.4:
  version "6.0.6"
  resolved "https://registry.yarnpkg.com/postcss-selector-parser/-/postcss-selector-parser-6.0.6.tgz#2c5bba8174ac2f6981ab631a42ab0ee54af332ea"
  integrity sha512-9LXrvaaX3+mcv5xkg5kFwqSzSH1JIObIx51PrndZwlmznwXRfxMddDvo9gve3gVR8ZTKgoFDdWkbRFmEhT4PMg==
  dependencies:
    cssesc "^3.0.0"
    util-deprecate "^1.0.2"

postcss-value-parser@^4.1.0:
  version "4.1.0"
  resolved "https://registry.yarnpkg.com/postcss-value-parser/-/postcss-value-parser-4.1.0.tgz#443f6a20ced6481a2bda4fa8532a6e55d789a2cb"
  integrity sha512-97DXOFbQJhk71ne5/Mt6cOu6yxsSfM0QGQyl0L25Gca4yGWEGJaig7l7gbCX623VqTBNGLRLaVUCnNkcedlRSQ==

postcss@^8.2.15:
  version "8.3.11"
  resolved "https://registry.yarnpkg.com/postcss/-/postcss-8.3.11.tgz#c3beca7ea811cd5e1c4a3ec6d2e7599ef1f8f858"
  integrity sha512-hCmlUAIlUiav8Xdqw3Io4LcpA1DOt7h3LSTAC4G6JGHFFaWzI6qvFt9oilvl8BmkbBRX1IhM90ZAmpk68zccQA==
  dependencies:
    nanoid "^3.1.30"
    picocolors "^1.0.0"
    source-map-js "^0.6.2"

punycode@^2.1.1:
  version "2.1.1"
  resolved "https://registry.yarnpkg.com/punycode/-/punycode-2.1.1.tgz#b58b010ac40c22c5657616c8d2c2c02c7bf479ec"
  integrity sha512-XRsRjdf+j5ml+y/6GKHPZbrF/8p2Yga0JPtdqTIY2Xe5ohJPD9saDJJLPvp9+NSBprVvevdXZybnj2cv8OEd0A==

react-dom@^17.0.2:
  version "17.0.2"
  resolved "https://registry.yarnpkg.com/react-dom/-/react-dom-17.0.2.tgz#ecffb6845e3ad8dbfcdc498f0d0a939736502c23"
  integrity sha512-s4h96KtLDUQlsENhMn1ar8t2bEa+q/YAtj8pPPdIjPDGBDIVNsrD9aXNWqspUe6AzKCIG0C1HZZLqLV7qpOBGA==
  dependencies:
    loose-envify "^1.1.0"
    object-assign "^4.1.1"
    scheduler "^0.20.2"

react-fast-compare@^2.0.1:
  version "2.0.4"
  resolved "https://registry.yarnpkg.com/react-fast-compare/-/react-fast-compare-2.0.4.tgz#e84b4d455b0fec113e0402c329352715196f81f9"
  integrity sha512-suNP+J1VU1MWFKcyt7RtjiSWUjvidmQSlqu+eHslq+342xCbGTYmC0mEhPCOHxlW0CywylOC1u2DFAT+bv4dBw==

react-is@^16.7.0:
  version "16.13.1"
  resolved "https://registry.yarnpkg.com/react-is/-/react-is-16.13.1.tgz#789729a4dc36de2999dc156dd6c1d9c18cea56a4"
  integrity sha512-24e6ynE2H+OKt4kqsOvNd8kBpV65zoxbA4BVsEOB3ARVWQki/DHzaUoC5KuON/BiccDaCCTZBuOcfZs70kR8bQ==

react@^17.0.2:
  version "17.0.2"
  resolved "https://registry.yarnpkg.com/react/-/react-17.0.2.tgz#d0b5cc516d29eb3eee383f75b62864cfb6800037"
  integrity sha512-gnhPt75i/dq/z3/6q/0asP78D0u592D5L1pd7M8P+dck6Fu/jJeL6iVVK23fptSUZj8Vjf++7wXA8UNclGQcbA==
  dependencies:
    loose-envify "^1.1.0"
    object-assign "^4.1.1"

regenerator-runtime@^0.13.4:
  version "0.13.9"
  resolved "https://registry.yarnpkg.com/regenerator-runtime/-/regenerator-runtime-0.13.9.tgz#8925742a98ffd90814988d7566ad30ca3b263b52"
  integrity sha512-p3VT+cOEgxFsRRA9X4lkI1E+k2/CtnKtU4gcxyaCUreilL/vqI6CdZ3wxVUx3UOUg+gnUOQQcRI7BmSI656MYA==

scheduler@^0.20.2:
  version "0.20.2"
  resolved "https://registry.yarnpkg.com/scheduler/-/scheduler-0.20.2.tgz#4baee39436e34aa93b4874bddcbf0fe8b8b50e91"
  integrity sha512-2eWfGgAqqWFGqtdMmcL5zCMK1U8KlXv8SQFGglL3CEtd0aDVDWgeF/YoCmvln55m5zSk3J/20hTaSBeSObsQDQ==
  dependencies:
    loose-envify "^1.1.0"
    object-assign "^4.1.1"

semver@^7.3.5:
  version "7.3.5"
  resolved "https://registry.yarnpkg.com/semver/-/semver-7.3.5.tgz#0b621c879348d8998e4b0e4be94b3f12e6018ef7"
  integrity sha512-PoeGJYh8HK4BTO/a9Tf6ZG3veo/A7ZVsYrSA6J8ny9nb3B1VrpkuN+z9OE5wfE5p6H4LchYZsegiQgbJD94ZFQ==
  dependencies:
    lru-cache "^6.0.0"

source-map-js@^0.6.2:
  version "0.6.2"
  resolved "https://registry.yarnpkg.com/source-map-js/-/source-map-js-0.6.2.tgz#0bb5de631b41cfbda6cfba8bd05a80efdfd2385e"
  integrity sha512-/3GptzWzu0+0MBQFrDKzw/DvvMTUORvgY6k6jd/VS6iCR4RDTKWH6v6WPwQoUO8667uQEf9Oe38DxAYWY5F/Ug==

source-map@^0.5.0:
  version "0.5.7"
  resolved "https://registry.yarnpkg.com/source-map/-/source-map-0.5.7.tgz#8a039d2d1021d22d1ea14c80d8ea468ba2ef3fcc"
  integrity sha1-igOdLRAh0i0eoUyA2OpGi6LvP8w=

sprintf-js@~1.0.2:
  version "1.0.3"
  resolved "https://registry.yarnpkg.com/sprintf-js/-/sprintf-js-1.0.3.tgz#04e6926f662895354f3dd015203633b857297e2c"
  integrity sha1-BOaSb2YolTVPPdAVIDYzuFcpfiw=

style-loader@^3.3.1:
  version "3.3.1"
  resolved "https://registry.yarnpkg.com/style-loader/-/style-loader-3.3.1.tgz#057dfa6b3d4d7c7064462830f9113ed417d38575"
  integrity sha512-GPcQ+LDJbrcxHORTRes6Jy2sfvK2kS6hpSfI/fXhPt+spVzxF6LJ1dHLN9zIGmVaaP044YKaIatFaufENRiDoQ==

supports-color@^5.3.0:
  version "5.5.0"
  resolved "https://registry.yarnpkg.com/supports-color/-/supports-color-5.5.0.tgz#e2e69a44ac8772f78a1ec0b35b689df6530efc8f"
  integrity sha512-QjVjwdXIt408MIiAqCX4oUKsgU2EqAGzs2Ppkm4aQYbjm+ZEWEcW4SfFNTr4uMNZma0ey4f5lgLrkB0aX0QMow==
  dependencies:
    has-flag "^3.0.0"

"text-encoding@git+https://github.com/AdguardTeam/text-encoding.git#v0.7.1":
  version "0.7.0"
  resolved "git+https://github.com/AdguardTeam/text-encoding.git#80dbd7df2b17858e8e9e2da00e9134d4ca63d8ad"

tiny-warning@^1.0.2:
  version "1.0.3"
  resolved "https://registry.yarnpkg.com/tiny-warning/-/tiny-warning-1.0.3.tgz#94a30db453df4c643d0fd566060d60a875d84754"
  integrity sha512-lBN9zLN/oAf68o3zNXYrdCt1kP8WsiGW8Oo2ka41b2IM5JL/S1CTyX1rW0mb/zSuJun0ZUrDxx4sqvYS2FWzPA==

tldts-core@^5.7.52:
  version "5.7.52"
  resolved "https://registry.yarnpkg.com/tldts-core/-/tldts-core-5.7.52.tgz#9e5fa3ecc61bacf9320fc7c60efdd9d14fc6d915"
  integrity sha512-xLa9sSdmSIec2kok76Fv68vvf58QZJFGEOan/pLsk9rrPfkfMZq7Vr03X0hPr8VCc09tcbfU6izXzRDl8oItYQ==

tldts@^5.6.45:
  version "5.7.52"
  resolved "https://registry.yarnpkg.com/tldts/-/tldts-5.7.52.tgz#0d961c687f2f539b43a36f2ad7467d8e6d2f764e"
  integrity sha512-0ddIYX/04P8qFVY0XYAlF7vJEef+nd+natGSnlasB8MRC4iZIz5HzX4G0Vm6jRItxEtWUuXo2+eeBLBtsZZgEQ==
  dependencies:
    tldts-core "^5.7.52"

to-fast-properties@^2.0.0:
  version "2.0.0"
  resolved "https://registry.yarnpkg.com/to-fast-properties/-/to-fast-properties-2.0.0.tgz#dc5e698cbd079265bc73e0377681a4e4e83f616e"
  integrity sha1-3F5pjL0HkmW8c+A3doGk5Og/YW4=

tslib@^1.10.0:
  version "1.14.1"
  resolved "https://registry.yarnpkg.com/tslib/-/tslib-1.14.1.tgz#cf2d38bdc34a134bcaf1091c41f6619e2f672d00"
  integrity sha512-Xni35NKzjgMrwevysHTCArtLDpPvye8zV/0E4EyYn43P7/7qvQwPh9BGkHewbMulVntbigmcT7rdX3BNo9wRJg==

util-deprecate@^1.0.2:
  version "1.0.2"
  resolved "https://registry.yarnpkg.com/util-deprecate/-/util-deprecate-1.0.2.tgz#450d4dc9fa70de732762fbd2d4a28981419a0ccf"
  integrity sha1-RQ1Nyfpw3nMnYvvS1KKJgUGaDM8=

verror@1.10.0:
  version "1.10.0"
  resolved "https://registry.yarnpkg.com/verror/-/verror-1.10.0.tgz#3a105ca17053af55d6e270c1f8288682e18da400"
  integrity sha1-OhBcoXBTr1XW4nDB+CiGguGNpAA=
  dependencies:
    assert-plus "^1.0.0"
    core-util-is "1.0.2"
    extsprintf "^1.2.0"

webextension-polyfill@^0.8.0:
  version "0.8.0"
  resolved "https://registry.yarnpkg.com/webextension-polyfill/-/webextension-polyfill-0.8.0.tgz#f80e9f4b7f81820c420abd6ffbebfa838c60e041"
  integrity sha512-a19+DzlT6Kp9/UI+mF9XQopeZ+n2ussjhxHJ4/pmIGge9ijCDz7Gn93mNnjpZAk95T4Tae8iHZ6sSf869txqiQ==

yallist@^4.0.0:
  version "4.0.0"
  resolved "https://registry.yarnpkg.com/yallist/-/yallist-4.0.0.tgz#9bb92790d9c0effec63be73519e11a35019a3a72"
  integrity sha512-3wdGidZyq5PB084XLES5TpOSRA3wjXAlIWMhum2kRcv/41Sn2emQ0dycQW4uZXLejwKvg6EsvbdlVL+FYEct7A==

zod@^3.11.6:
  version "3.11.6"
  resolved "https://registry.yarnpkg.com/zod/-/zod-3.11.6.tgz#e43a5e0c213ae2e02aefe7cb2b1a6fa3d7f1f483"
  integrity sha512-daZ80A81I3/9lIydI44motWe6n59kRBfNzTuS2bfzVh1nAXi667TOTWWtatxyG+fwgNUiagSj/CWZwRRbevJIg==
